
Microsoft Visual Studio Solution File, Format Version 12.00
# Visual Studio Version 16
VisualStudioVersion = 16.0.31129.286
MinimumVisualStudioVersion = 10.0.40219.1
Project("{9A19103F-16F7-4668-BE54-9A1E7A4F7556}") = "PluginDemoApp", "PluginDemoApp\PluginDemoApp.csproj", "{051FDBCD-DEC1-4E7B-9F63-1B63C44075B3}"
EndProject
Project("{9A19103F-16F7-4668-BE54-9A1E7A4F7556}") = "PluginInterface", "PluginInterface\PluginInterface.csproj", "{3D7B4D20-9718-4E22-A103-CBBCF921A89A}"
EndProject
Project("{9A19103F-16F7-4668-BE54-9A1E7A4F7556}") = "PluginReverse", "PluginTransforms\PluginReverse.csproj", "{FEEDEF16-58B3-4ECF-9D72-914AA4CA2C47}"
EndProject
Project("{FAE04EC0-301F-11D3-BF4B-00C04F79EFBC}") = "PluginGrayscale", "PluginGrayscale\PluginGrayscale.csproj", "{2B5E2074-AA1B-4D6D-BBBC-240695D63C86}"
EndProject
Project("{FAE04EC0-301F-11D3-BF4B-00C04F79EFBC}") = "PluginWriteDate", "PluginWriteDate\PluginWriteDate.csproj", "{347774D2-7165-4CC8-BFDC-EF2ADB451825}"
EndProject
Project("{FAE04EC0-301F-11D3-BF4B-00C04F79EFBC}") = "PluginMoveParts", "PluginMoveParts\PluginMoveParts.csproj", "{E3BE2807-0DB5-4D9F-BE44-C0DF4EA6DAB2}"
EndProject
Global
	GlobalSection(SolutionConfigurationPlatforms) = preSolution
		Debug|Any CPU = Debug|Any CPU
		Release|Any CPU = Release|Any CPU
	EndGlobalSection
	GlobalSection(ProjectConfigurationPlatforms) = postSolution
		{051FDBCD-DEC1-4E7B-9F63-1B63C44075B3}.Debug|Any CPU.ActiveCfg = Debug|Any CPU
		{051FDBCD-DEC1-4E7B-9F63-1B63C44075B3}.Debug|Any CPU.Build.0 = Debug|Any CPU
		{051FDBCD-DEC1-4E7B-9F63-1B63C44075B3}.Release|Any CPU.ActiveCfg = Release|Any CPU
		{051FDBCD-DEC1-4E7B-9F63-1B63C44075B3}.Release|Any CPU.Build.0 = Release|Any CPU
		{3D7B4D20-9718-4E22-A103-CBBCF921A89A}.Debug|Any CPU.ActiveCfg = Debug|Any CPU
		{3D7B4D20-9718-4E22-A103-CBBCF921A89A}.Debug|Any CPU.Build.0 = Debug|Any CPU
		{3D7B4D20-9718-4E22-A103-CBBCF921A89A}.Release|Any CPU.ActiveCfg = Release|Any CPU
		{3D7B4D20-9718-4E22-A103-CBBCF921A89A}.Release|Any CPU.Build.0 = Release|Any CPU
		{FEEDEF16-58B3-4ECF-9D72-914AA4CA2C47}.Debug|Any CPU.ActiveCfg = Debug|Any CPU
		{FEEDEF16-58B3-4ECF-9D72-914AA4CA2C47}.Debug|Any CPU.Build.0 = Debug|Any CPU
		{FEEDEF16-58B3-4ECF-9D72-914AA4CA2C47}.Release|Any CPU.ActiveCfg = Release|Any CPU
		{FEEDEF16-58B3-4ECF-9D72-914AA4CA2C47}.Release|Any CPU.Build.0 = Release|Any CPU
		{2B5E2074-AA1B-4D6D-BBBC-240695D63C86}.Debug|Any CPU.ActiveCfg = Debug|Any CPU
		{2B5E2074-AA1B-4D6D-BBBC-240695D63C86}.Debug|Any CPU.Build.0 = Debug|Any CPU
		{2B5E2074-AA1B-4D6D-BBBC-240695D63C86}.Release|Any CPU.ActiveCfg = Release|Any CPU
		{2B5E2074-AA1B-4D6D-BBBC-240695D63C86}.Release|Any CPU.Build.0 = Release|Any CPU
		{347774D2-7165-4CC8-BFDC-EF2ADB451825}.Debug|Any CPU.ActiveCfg = Debug|Any CPU
		{347774D2-7165-4CC8-BFDC-EF2ADB451825}.Debug|Any CPU.Build.0 = Debug|Any CPU
		{347774D2-7165-4CC8-BFDC-EF2ADB451825}.Release|Any CPU.ActiveCfg = Release|Any CPU
		{347774D2-7165-4CC8-BFDC-EF2ADB451825}.Release|Any CPU.Build.0 = Release|Any CPU
		{E3BE2807-0DB5-4D9F-BE44-C0DF4EA6DAB2}.Debug|Any CPU.ActiveCfg = Debug|Any CPU
		{E3BE2807-0DB5-4D9F-BE44-C0DF4EA6DAB2}.Debug|Any CPU.Build.0 = Debug|Any CPU
		{E3BE2807-0DB5-4D9F-BE44-C0DF4EA6DAB2}.Release|Any CPU.ActiveCfg = Release|Any CPU
		{E3BE2807-0DB5-4D9F-BE44-C0DF4EA6DAB2}.Release|Any CPU.Build.0 = Release|Any CPU
	EndGlobalSection
	GlobalSection(SolutionProperties) = preSolution
		HideSolutionNode = FALSE
	EndGlobalSection
	GlobalSection(ExtensibilityGlobals) = postSolution
		SolutionGuid = {52A26442-215B-473F-8027-08BD0F5EEBED}
	EndGlobalSection
EndGlobal
